
Microsoft Visual Studio Solution File, Format Version 12.00
# Visual Studio 15
VisualStudioVersion = 15.0.28010.2016
MinimumVisualStudioVersion = 10.0.40219.1
Project("{FAE04EC0-301F-11D3-BF4B-00C04F79EFBC}") = "sep 5 2018", "sep 5 2018.csproj", "{831AF7C1-FD36-4988-B8A6-87F860568C88}"
EndProject
Global
	GlobalSection(SolutionConfigurationPlatforms) = preSolution
		Debug|Any CPU = Debug|Any CPU
		Release|Any CPU = Release|Any CPU
	EndGlobalSection
	GlobalSection(ProjectConfigurationPlatforms) = postSolution
		{831AF7C1-FD36-4988-B8A6-87F860568C88}.Debug|Any CPU.ActiveCfg = Debug|Any CPU
		{831AF7C1-FD36-4988-B8A6-87F860568C88}.Debug|Any CPU.Build.0 = Debug|Any CPU
		{831AF7C1-FD36-4988-B8A6-87F860568C88}.Release|Any CPU.ActiveCfg = Release|Any CPU
		{831AF7C1-FD36-4988-B8A6-87F860568C88}.Release|Any CPU.Build.0 = Release|Any CPU
	EndGlobalSection
	GlobalSection(SolutionProperties) = preSolution
		HideSolutionNode = FALSE
	EndGlobalSection
	GlobalSection(ExtensibilityGlobals) = postSolution
		SolutionGuid = {B0637289-6B90-4906-A505-80EF241A5BDA}
	EndGlobalSection
EndGlobal
